
Microsoft Visual Studio Solution File, Format Version 12.00
# Visual Studio Version 17
VisualStudioVersion = 17.7.34221.43
MinimumVisualStudioVersion = 10.0.40219.1
Project("{9A19103F-16F7-4668-BE54-9A1E7A4F7556}") = "LeaveManagment.Web", "LeaveManagment.Web\LeaveManagment.Web.csproj", "{C3E8D59A-9E4F-4B59-B442-7AC5A847E979}"
EndProject
Global
	GlobalSection(SolutionConfigurationPlatforms) = preSolution
		Debug|Any CPU = Debug|Any CPU
		Release|Any CPU = Release|Any CPU
	EndGlobalSection
	GlobalSection(ProjectConfigurationPlatforms) = postSolution
		{C3E8D59A-9E4F-4B59-B442-7AC5A847E979}.Debug|Any CPU.ActiveCfg = Debug|Any CPU
		{C3E8D59A-9E4F-4B59-B442-7AC5A847E979}.Debug|Any CPU.Build.0 = Debug|Any CPU
		{C3E8D59A-9E4F-4B59-B442-7AC5A847E979}.Release|Any CPU.ActiveCfg = Release|Any CPU
		{C3E8D59A-9E4F-4B59-B442-7AC5A847E979}.Release|Any CPU.Build.0 = Release|Any CPU
	EndGlobalSection
	GlobalSection(SolutionProperties) = preSolution
		HideSolutionNode = FALSE
	EndGlobalSection
	GlobalSection(ExtensibilityGlobals) = postSolution
		SolutionGuid = {C4DD4519-C7C8-4861-94AC-00A2DAA0058E}
	EndGlobalSection
EndGlobal
